
Microsoft Visual Studio Solution File, Format Version 12.00
# Visual Studio Version 17
VisualStudioVersion = 17.4.33205.214
MinimumVisualStudioVersion = 10.0.40219.1
Project("{FAE04EC0-301F-11D3-BF4B-00C04F79EFBC}") = "UnionOfArrays", "UnionOfArrays.csproj", "{5B7BB82B-18E9-4B50-AAD6-F31DFFF640A0}"
EndProject
Global
	GlobalSection(SolutionConfigurationPlatforms) = preSolution
		Debug|Any CPU = Debug|Any CPU
		Release|Any CPU = Release|Any CPU
	EndGlobalSection
	GlobalSection(ProjectConfigurationPlatforms) = postSolution
		{5B7BB82B-18E9-4B50-AAD6-F31DFFF640A0}.Debug|Any CPU.ActiveCfg = Debug|Any CPU
		{5B7BB82B-18E9-4B50-AAD6-F31DFFF640A0}.Debug|Any CPU.Build.0 = Debug|Any CPU
		{5B7BB82B-18E9-4B50-AAD6-F31DFFF640A0}.Release|Any CPU.ActiveCfg = Release|Any CPU
		{5B7BB82B-18E9-4B50-AAD6-F31DFFF640A0}.Release|Any CPU.Build.0 = Release|Any CPU
	EndGlobalSection
	GlobalSection(SolutionProperties) = preSolution
		HideSolutionNode = FALSE
	EndGlobalSection
	GlobalSection(ExtensibilityGlobals) = postSolution
		SolutionGuid = {DC7FC9BA-F964-4EED-87D7-D52687DF6C7C}
	EndGlobalSection
EndGlobal
